
Microsoft Visual Studio Solution File, Format Version 12.00
Project("{2150E333-8FDC-42A3-9474-1A3956D46DE8}") = "Server", "Server", "{490ED963-F574-4725-85A6-D706178A40F1}"
EndProject
Project("{FAE04EC0-301F-11D3-BF4B-00C04F79EFBC}") = "Entities", "Entities\Entities.csproj", "{C3873FD6-88E8-4566-B03E-FE08FC0E13FF}"
EndProject
Project("{FAE04EC0-301F-11D3-BF4B-00C04F79EFBC}") = "RepositoryContracts", "RepositoryContracts\RepositoryContracts.csproj", "{59F91EEA-08E7-4066-8909-DB5C537CA69F}"
EndProject
Project("{FAE04EC0-301F-11D3-BF4B-00C04F79EFBC}") = "InMemoryRepositories", "InMemoryRepositories\InMemoryRepositories.csproj", "{02B19C54-8486-48BB-B36B-6644BFC29D17}"
EndProject
Project("{FAE04EC0-301F-11D3-BF4B-00C04F79EFBC}") = "CLI", "CLI\CLI.csproj", "{044892E7-020B-4BA5-A0C0-C23870F3B550}"
EndProject
Project("{FAE04EC0-301F-11D3-BF4B-00C04F79EFBC}") = "FileRepositories", "FileRepositories\FileRepositories.csproj", "{90089BAD-964B-4451-875A-573F04919642}"
EndProject
Project("{2150E333-8FDC-42A3-9474-1A3956D46DE8}") = "Shared", "Shared", "{5C674958-092F-455B-8A12-A639C9637C24}"
EndProject
Project("{FAE04EC0-301F-11D3-BF4B-00C04F79EFBC}") = "ApiContracts", "ApiContracts\ApiContracts.csproj", "{72B3E95E-2B40-4D6E-A7DA-DA2B3EB2FE3A}"
EndProject
Project("{FAE04EC0-301F-11D3-BF4B-00C04F79EFBC}") = "WebAPI", "WebAPI\WebAPI.csproj", "{A1B43AF7-FAF1-4D41-94FB-DE3E140BC283}"
EndProject
Project("{2150E333-8FDC-42A3-9474-1A3956D46DE8}") = "Client", "Client", "{CD49786C-59F5-465C-B0BB-E0255679628C}"
EndProject
Project("{FAE04EC0-301F-11D3-BF4B-00C04F79EFBC}") = "BlazorApp", "BlazorApp\BlazorApp.csproj", "{A1A618EF-9BFD-48DF-8085-A73E73C031C0}"
EndProject
Global
	GlobalSection(SolutionConfigurationPlatforms) = preSolution
		Debug|Any CPU = Debug|Any CPU
		Release|Any CPU = Release|Any CPU
	EndGlobalSection
	GlobalSection(NestedProjects) = preSolution
		{C3873FD6-88E8-4566-B03E-FE08FC0E13FF} = {490ED963-F574-4725-85A6-D706178A40F1}
		{59F91EEA-08E7-4066-8909-DB5C537CA69F} = {490ED963-F574-4725-85A6-D706178A40F1}
		{02B19C54-8486-48BB-B36B-6644BFC29D17} = {490ED963-F574-4725-85A6-D706178A40F1}
		{044892E7-020B-4BA5-A0C0-C23870F3B550} = {490ED963-F574-4725-85A6-D706178A40F1}
		{90089BAD-964B-4451-875A-573F04919642} = {490ED963-F574-4725-85A6-D706178A40F1}
		{72B3E95E-2B40-4D6E-A7DA-DA2B3EB2FE3A} = {5C674958-092F-455B-8A12-A639C9637C24}
		{A1B43AF7-FAF1-4D41-94FB-DE3E140BC283} = {490ED963-F574-4725-85A6-D706178A40F1}
		{A1A618EF-9BFD-48DF-8085-A73E73C031C0} = {CD49786C-59F5-465C-B0BB-E0255679628C}
	EndGlobalSection
	GlobalSection(ProjectConfigurationPlatforms) = postSolution
		{C3873FD6-88E8-4566-B03E-FE08FC0E13FF}.Debug|Any CPU.ActiveCfg = Debug|Any CPU
		{C3873FD6-88E8-4566-B03E-FE08FC0E13FF}.Debug|Any CPU.Build.0 = Debug|Any CPU
		{C3873FD6-88E8-4566-B03E-FE08FC0E13FF}.Release|Any CPU.ActiveCfg = Release|Any CPU
		{C3873FD6-88E8-4566-B03E-FE08FC0E13FF}.Release|Any CPU.Build.0 = Release|Any CPU
		{59F91EEA-08E7-4066-8909-DB5C537CA69F}.Debug|Any CPU.ActiveCfg = Debug|Any CPU
		{59F91EEA-08E7-4066-8909-DB5C537CA69F}.Debug|Any CPU.Build.0 = Debug|Any CPU
		{59F91EEA-08E7-4066-8909-DB5C537CA69F}.Release|Any CPU.ActiveCfg = Release|Any CPU
		{59F91EEA-08E7-4066-8909-DB5C537CA69F}.Release|Any CPU.Build.0 = Release|Any CPU
		{02B19C54-8486-48BB-B36B-6644BFC29D17}.Debug|Any CPU.ActiveCfg = Debug|Any CPU
		{02B19C54-8486-48BB-B36B-6644BFC29D17}.Debug|Any CPU.Build.0 = Debug|Any CPU
		{02B19C54-8486-48BB-B36B-6644BFC29D17}.Release|Any CPU.ActiveCfg = Release|Any CPU
		{02B19C54-8486-48BB-B36B-6644BFC29D17}.Release|Any CPU.Build.0 = Release|Any CPU
		{044892E7-020B-4BA5-A0C0-C23870F3B550}.Debug|Any CPU.ActiveCfg = Debug|Any CPU
		{044892E7-020B-4BA5-A0C0-C23870F3B550}.Debug|Any CPU.Build.0 = Debug|Any CPU
		{044892E7-020B-4BA5-A0C0-C23870F3B550}.Release|Any CPU.ActiveCfg = Release|Any CPU
		{044892E7-020B-4BA5-A0C0-C23870F3B550}.Release|Any CPU.Build.0 = Release|Any CPU
		{90089BAD-964B-4451-875A-573F04919642}.Debug|Any CPU.ActiveCfg = Debug|Any CPU
		{90089BAD-964B-4451-875A-573F04919642}.Debug|Any CPU.Build.0 = Debug|Any CPU
		{90089BAD-964B-4451-875A-573F04919642}.Release|Any CPU.ActiveCfg = Release|Any CPU
		{90089BAD-964B-4451-875A-573F04919642}.Release|Any CPU.Build.0 = Release|Any CPU
		{72B3E95E-2B40-4D6E-A7DA-DA2B3EB2FE3A}.Debug|Any CPU.ActiveCfg = Debug|Any CPU
		{72B3E95E-2B40-4D6E-A7DA-DA2B3EB2FE3A}.Debug|Any CPU.Build.0 = Debug|Any CPU
		{72B3E95E-2B40-4D6E-A7DA-DA2B3EB2FE3A}.Release|Any CPU.ActiveCfg = Release|Any CPU
		{72B3E95E-2B40-4D6E-A7DA-DA2B3EB2FE3A}.Release|Any CPU.Build.0 = Release|Any CPU
		{A1B43AF7-FAF1-4D41-94FB-DE3E140BC283}.Debug|Any CPU.ActiveCfg = Debug|Any CPU
		{A1B43AF7-FAF1-4D41-94FB-DE3E140BC283}.Debug|Any CPU.Build.0 = Debug|Any CPU
		{A1B43AF7-FAF1-4D41-94FB-DE3E140BC283}.Release|Any CPU.ActiveCfg = Release|Any CPU
		{A1B43AF7-FAF1-4D41-94FB-DE3E140BC283}.Release|Any CPU.Build.0 = Release|Any CPU
		{A1A618EF-9BFD-48DF-8085-A73E73C031C0}.Debug|Any CPU.ActiveCfg = Debug|Any CPU
		{A1A618EF-9BFD-48DF-8085-A73E73C031C0}.Debug|Any CPU.Build.0 = Debug|Any CPU
		{A1A618EF-9BFD-48DF-8085-A73E73C031C0}.Release|Any CPU.ActiveCfg = Release|Any CPU
		{A1A618EF-9BFD-48DF-8085-A73E73C031C0}.Release|Any CPU.Build.0 = Release|Any CPU
	EndGlobalSection
EndGlobal
